{
    "_meta": {
        "hash": {
            "sha256": "59a5ef547a3c5b284b952d32096abcc6cfac61bcb9a4e0d36b930d434925ce7e"
        },
        "pipfile-spec": 6,
        "requires": {
            "python_version": "3.7"
        },
        "sources": [
            {
                "name": "pypi",
                "url": "https://pypi.org/simple",
                "verify_ssl": true
            }
        ]
    },
    "default": {
        "django": {
            "hashes": [
                "sha256:20111383869ad1b11400c94b0c19d4ab12975316cd058eabd17452e0546169b8",
                "sha256:372faee5b93c92f19e9d65f52b278a1b689d3e3b4a7d9d30db73a78ebc729770"
            ],
            "index": "pypi",
            "version": "==1.11.27"
        },
        "django-filter": {
            "hashes": [
                "sha256:6f4e4bc1a11151178520567b50320e5c32f8edb552139d93ea3e30613b886f56",
                "sha256:86c3925020c27d072cdae7b828aaa5d165c2032a629abbe3c3a1be1edae61c58"
            ],
            "index": "pypi",
            "version": "==2.0.0"
        },
        "django-filters": {
            "hashes": [
                "sha256:1a9799a41106dc53ed894e952a24e8dee9b4fb37f010f22d178c09c90c61d711"
            ],
            "index": "pypi",
            "version": "==0.2.1"
        },
        "pytz": {
            "hashes": [
                "sha256:1c557d7d0e871de1f5ccd5833f60fb2550652da6be2693c1e02300743d21500d",
                "sha256:b02c06db6cf09c12dd25137e563b31700d3b80fcc4ad23abb7a315f2789819be"
            ],
            "version": "==2019.3"
        }
    },
    "develop": {}
}
